
Microsoft Visual Studio Solution File, Format Version 12.00
# Visual Studio 15
VisualStudioVersion = 15.0.27703.2026
MinimumVisualStudioVersion = 10.0.40219.1
Project("{FAE04EC0-301F-11D3-BF4B-00C04F79EFBC}") = "Saaramsha", "Saaramsha\Saaramsha.csproj", "{86798948-8A71-4F7B-98F0-BCDBC96CAD12}"
EndProject
Global
	GlobalSection(SolutionConfigurationPlatforms) = preSolution
		Debug|Any CPU = Debug|Any CPU
		Release|Any CPU = Release|Any CPU
	EndGlobalSection
	GlobalSection(ProjectConfigurationPlatforms) = postSolution
		{86798948-8A71-4F7B-98F0-BCDBC96CAD12}.Debug|Any CPU.ActiveCfg = Debug|Any CPU
		{86798948-8A71-4F7B-98F0-BCDBC96CAD12}.Debug|Any CPU.Build.0 = Debug|Any CPU
		{86798948-8A71-4F7B-98F0-BCDBC96CAD12}.Release|Any CPU.ActiveCfg = Release|Any CPU
		{86798948-8A71-4F7B-98F0-BCDBC96CAD12}.Release|Any CPU.Build.0 = Release|Any CPU
	EndGlobalSection
	GlobalSection(SolutionProperties) = preSolution
		HideSolutionNode = FALSE
	EndGlobalSection
	GlobalSection(ExtensibilityGlobals) = postSolution
		SolutionGuid = {E215DE40-63E7-4B41-9B4A-C633C6BF2F85}
	EndGlobalSection
EndGlobal
